// !$*UTF8*$!
{
	archiveVersion = 1;
	classes = {
	};
	objectVersion = 50;
	objects = {

/* Begin PBXBuildFile section */
		BC8D532B242A4BA400DF8EE5 /* Storyboard.storyboard in Resources */ = {isa = PBXBuildFile; fileRef = BC8D532A242A4BA400DF8EE5 /* Storyboard.storyboard */; };
		BC8D532E242A59FF00DF8EE5 /* ExternalAccessory.framework in Frameworks */ = {isa = PBXBuildFile; fileRef = BC8D532D242A59FF00DF8EE5 /* ExternalAccessory.framework */; };
		BC9BA8B4242A050200295AF9 /* AppDelegate.swift in Sources */ = {isa = PBXBuildFile; fileRef = BC9BA8B3242A050200295AF9 /* AppDelegate.swift */; };
		BC9BA8B6242A050200295AF9 /* ViewController.swift in Sources */ = {isa = PBXBuildFile; fileRef = BC9BA8B5242A050200295AF9 /* ViewController.swift */; };
		BC9BA8B9242A050200295AF9 /* Main.storyboard in Resources */ = {isa = PBXBuildFile; fileRef = BC9BA8B7242A050200295AF9 /* Main.storyboard */; };
		BC9BA8BB242A050400295AF9 /* Assets.xcassets in Resources */ = {isa = PBXBuildFile; fileRef = BC9BA8BA242A050400295AF9 /* Assets.xcassets */; };
		BC9BA8BE242A050400295AF9 /* LaunchScreen.storyboard in Resources */ = {isa = PBXBuildFile; fileRef = BC9BA8BC242A050400295AF9 /* LaunchScreen.storyboard */; };
		BC9BA8C9242A050400295AF9 /* CriptoniOSTests.swift in Sources */ = {isa = PBXBuildFile; fileRef = BC9BA8C8242A050400295AF9 /* CriptoniOSTests.swift */; };
		BC9BA8D4242A050400295AF9 /* CriptoniOSUITests.swift in Sources */ = {isa = PBXBuildFile; fileRef = BC9BA8D3242A050400295AF9 /* CriptoniOSUITests.swift */; };
/* End PBXBuildFile section */

/* Begin PBXContainerItemProxy section */
		BC9BA8C5242A050400295AF9 /* PBXContainerItemProxy */ = {
			isa = PBXContainerItemProxy;
			containerPortal = BC9BA8A8242A050100295AF9 /* Project object */;
			proxyType = 1;
			remoteGlobalIDString = BC9BA8AF242A050100295AF9;
			remoteInfo = CriptoniOS;
		};
		BC9BA8D0242A050400295AF9 /* PBXContainerItemProxy */ = {
			isa = PBXContainerItemProxy;
			containerPortal = BC9BA8A8242A050100295AF9 /* Project object */;
			proxyType = 1;
			remoteGlobalIDString = BC9BA8AF242A050100295AF9;
			remoteInfo = CriptoniOS;
		};
/* End PBXContainerItemProxy section */

/* Begin PBXFileReference section */
		BC8D532A242A4BA400DF8EE5 /* Storyboard.storyboard */ = {isa = PBXFileReference; lastKnownFileType = file.storyboard; path = Storyboard.storyboard; sourceTree = "<group>"; };
		BC8D532D242A59FF00DF8EE5 /* ExternalAccessory.framework */ = {isa = PBXFileReference; lastKnownFileType = wrapper.framework; name = ExternalAccessory.framework; path = System/Library/Frameworks/ExternalAccessory.framework; sourceTree = SDKROOT; };
		BC8D532F242A59FF00DF8EE5 /* CriptoniOS.entitlements */ = {isa = PBXFileReference; lastKnownFileType = text.plist.entitlements; path = CriptoniOS.entitlements; sourceTree = "<group>"; };
		BC9BA8B0242A050100295AF9 /* CriptoniOS.app */ = {isa = PBXFileReference; explicitFileType = wrapper.application; includeInIndex = 0; path = CriptoniOS.app; sourceTree = BUILT_PRODUCTS_DIR; };
		BC9BA8B3242A050200295AF9 /* AppDelegate.swift */ = {isa = PBXFileReference; lastKnownFileType = sourcecode.swift; path = AppDelegate.swift; sourceTree = "<group>"; };
		BC9BA8B5242A050200295AF9 /* ViewController.swift */ = {isa = PBXFileReference; lastKnownFileType = sourcecode.swift; path = ViewController.swift; sourceTree = "<group>"; };
		BC9BA8B8242A050200295AF9 /* Base */ = {isa = PBXFileReference; lastKnownFileType = file.storyboard; name = Base; path = Base.lproj/Main.storyboard; sourceTree = "<group>"; };
		BC9BA8BA242A050400295AF9 /* Assets.xcassets */ = {isa = PBXFileReference; lastKnownFileType = folder.assetcatalog; path = Assets.xcassets; sourceTree = "<group>"; };
		BC9BA8BD242A050400295AF9 /* Base */ = {isa = PBXFileReference; lastKnownFileType = file.storyboard; name = Base; path = Base.lproj/LaunchScreen.storyboard; sourceTree = "<group>"; };
		BC9BA8BF242A050400295AF9 /* Info.plist */ = {isa = PBXFileReference; lastKnownFileType = text.plist.xml; path = Info.plist; sourceTree = "<group>"; };
		BC9BA8C4242A050400295AF9 /* CriptoniOSTests.xctest */ = {isa = PBXFileReference; explicitFileType = wrapper.cfbundle; includeInIndex = 0; path = CriptoniOSTests.xctest; sourceTree = BUILT_PRODUCTS_DIR; };
		BC9BA8C8242A050400295AF9 /* CriptoniOSTests.swift */ = {isa = PBXFileReference; lastKnownFileType = sourcecode.swift; path = CriptoniOSTests.swift; sourceTree = "<group>"; };
		BC9BA8CA242A050400295AF9 /* Info.plist */ = {isa = PBXFileReference; lastKnownFileType = text.plist.xml; path = Info.plist; sourceTree = "<group>"; };
		BC9BA8CF242A050400295AF9 /* CriptoniOSUITests.xctest */ = {isa = PBXFileReference; explicitFileType = wrapper.cfbundle; includeInIndex = 0; path = CriptoniOSUITests.xctest; sourceTree = BUILT_PRODUCTS_DIR; };
		BC9BA8D3242A050400295AF9 /* CriptoniOSUITests.swift */ = {isa = PBXFileReference; lastKnownFileType = sourcecode.swift; path = CriptoniOSUITests.swift; sourceTree = "<group>"; };
		BC9BA8D5242A050400295AF9 /* Info.plist */ = {isa = PBXFileReference; lastKnownFileType = text.plist.xml; path = Info.plist; sourceTree = "<group>"; };
/* End PBXFileReference section */

/* Begin PBXFrameworksBuildPhase section */
		BC9BA8AD242A050100295AF9 /* Frameworks */ = {
			isa = PBXFrameworksBuildPhase;
			buildActionMask = 2147483647;
			files = (
				BC8D532E242A59FF00DF8EE5 /* ExternalAccessory.framework in Frameworks */,
			);
			runOnlyForDeploymentPostprocessing = 0;
		};
		BC9BA8C1242A050400295AF9 /* Frameworks */ = {
			isa = PBXFrameworksBuildPhase;
			buildActionMask = 2147483647;
			files = (
			);
			runOnlyForDeploymentPostprocessing = 0;
		};
		BC9BA8CC242A050400295AF9 /* Frameworks */ = {
			isa = PBXFrameworksBuildPhase;
			buildActionMask = 2147483647;
			files = (
			);
			runOnlyForDeploymentPostprocessing = 0;
		};
/* End PBXFrameworksBuildPhase section */

/* Begin PBXGroup section */
		BC8D532C242A59FF00DF8EE5 /* Frameworks */ = {
			isa = PBXGroup;
			children = (
				BC8D532D242A59FF00DF8EE5 /* ExternalAccessory.framework */,
			);
			name = Frameworks;
			sourceTree = "<group>";
		};
		BC9BA8A7242A050100295AF9 = {
			isa = PBXGroup;
			children = (
				BC9BA8B2242A050100295AF9 /* CriptoniOS */,
				BC9BA8C7242A050400295AF9 /* CriptoniOSTests */,
				BC9BA8D2242A050400295AF9 /* CriptoniOSUITests */,
				BC9BA8B1242A050100295AF9 /* Products */,
				BC8D532C242A59FF00DF8EE5 /* Frameworks */,
			);
			sourceTree = "<group>";
		};
		BC9BA8B1242A050100295AF9 /* Products */ = {
			isa = PBXGroup;
			children = (
				BC9BA8B0242A050100295AF9 /* CriptoniOS.app */,
				BC9BA8C4242A050400295AF9 /* CriptoniOSTests.xctest */,
				BC9BA8CF242A050400295AF9 /* CriptoniOSUITests.xctest */,
			);
			name = Products;
			sourceTree = "<group>";
		};
		BC9BA8B2242A050100295AF9 /* CriptoniOS */ = {
			isa = PBXGroup;
			children = (
				BC8D532F242A59FF00DF8EE5 /* CriptoniOS.entitlements */,
				BC9BA8B3242A050200295AF9 /* AppDelegate.swift */,
				BC9BA8B5242A050200295AF9 /* ViewController.swift */,
				BC9BA8B7242A050200295AF9 /* Main.storyboard */,
				BC8D532A242A4BA400DF8EE5 /* Storyboard.storyboard */,
				BC9BA8BA242A050400295AF9 /* Assets.xcassets */,
				BC9BA8BC242A050400295AF9 /* LaunchScreen.storyboard */,
				BC9BA8BF242A050400295AF9 /* Info.plist */,
			);
			path = CriptoniOS;
			sourceTree = "<group>";
		};
		BC9BA8C7242A050400295AF9 /* CriptoniOSTests */ = {
			isa = PBXGroup;
			children = (
				BC9BA8C8242A050400295AF9 /* CriptoniOSTests.swift */,
				BC9BA8CA242A050400295AF9 /* Info.plist */,
			);
			path = CriptoniOSTests;
			sourceTree = "<group>";
		};
		BC9BA8D2242A050400295AF9 /* CriptoniOSUITests */ = {
			isa = PBXGroup;
			children = (
				BC9BA8D3242A050400295AF9 /* CriptoniOSUITests.swift */,
				BC9BA8D5242A050400295AF9 /* Info.plist */,
			);
			path = CriptoniOSUITests;
			sourceTree = "<group>";
		};
/* End PBXGroup section */

/* Begin PBXNativeTarget section */
		BC9BA8AF242A050100295AF9 /* CriptoniOS */ = {
			isa = PBXNativeTarget;
			buildConfigurationList = BC9BA8D8242A050400295AF9 /* Build configuration list for PBXNativeTarget "CriptoniOS" */;
			buildPhases = (
				BC9BA8AC242A050100295AF9 /* Sources */,
				BC9BA8AD242A050100295AF9 /* Frameworks */,
				BC9BA8AE242A050100295AF9 /* Resources */,
			);
			buildRules = (
			);
			dependencies = (
			);
			name = CriptoniOS;
			productName = CriptoniOS;
			productReference = BC9BA8B0242A050100295AF9 /* CriptoniOS.app */;
			productType = "com.apple.product-type.application";
		};
		BC9BA8C3242A050400295AF9 /* CriptoniOSTests */ = {
			isa = PBXNativeTarget;
			buildConfigurationList = BC9BA8DB242A050400295AF9 /* Build configuration list for PBXNativeTarget "CriptoniOSTests" */;
			buildPhases = (
				BC9BA8C0242A050400295AF9 /* Sources */,
				BC9BA8C1242A050400295AF9 /* Frameworks */,
				BC9BA8C2242A050400295AF9 /* Resources */,
			);
			buildRules = (
			);
			dependencies = (
				BC9BA8C6242A050400295AF9 /* PBXTargetDependency */,
			);
			name = CriptoniOSTests;
			productName = CriptoniOSTests;
			productReference = BC9BA8C4242A050400295AF9 /* CriptoniOSTests.xctest */;
			productType = "com.apple.product-type.bundle.unit-test";
		};
		BC9BA8CE242A050400295AF9 /* CriptoniOSUITests */ = {
			isa = PBXNativeTarget;
			buildConfigurationList = BC9BA8DE242A050400295AF9 /* Build configuration list for PBXNativeTarget "CriptoniOSUITests" */;
			buildPhases = (
				BC9BA8CB242A050400295AF9 /* Sources */,
				BC9BA8CC242A050400295AF9 /* Frameworks */,
				BC9BA8CD242A050400295AF9 /* Resources */,
			);
			buildRules = (
			);
			dependencies = (
				BC9BA8D1242A050400295AF9 /* PBXTargetDependency */,
			);
			name = CriptoniOSUITests;
			productName = CriptoniOSUITests;
			productReference = BC9BA8CF242A050400295AF9 /* CriptoniOSUITests.xctest */;
			productType = "com.apple.product-type.bundle.ui-testing";
		};
/* End PBXNativeTarget section */

/* Begin PBXProject section */
		BC9BA8A8242A050100295AF9 /* Project object */ = {
			isa = PBXProject;
			attributes = {
				LastSwiftUpdateCheck = 1000;
				LastUpgradeCheck = 1000;
				ORGANIZATIONNAME = PTVL;
				TargetAttributes = {
					BC9BA8AF242A050100295AF9 = {
						CreatedOnToolsVersion = 10.0;
						SystemCapabilities = {
							com.apple.WAC = {
								enabled = 1;
							};
						};
					};
					BC9BA8C3242A050400295AF9 = {
						CreatedOnToolsVersion = 10.0;
						TestTargetID = BC9BA8AF242A050100295AF9;
					};
					BC9BA8CE242A050400295AF9 = {
						CreatedOnToolsVersion = 10.0;
						TestTargetID = BC9BA8AF242A050100295AF9;
					};
				};
			};
			buildConfigurationList = BC9BA8AB242A050100295AF9 /* Build configuration list for PBXProject "CriptoniOS" */;
			compatibilityVersion = "Xcode 9.3";
			developmentRegion = en;
			hasScannedForEncodings = 0;
			knownRegions = (
				en,
				Base,
			);
			mainGroup = BC9BA8A7242A050100295AF9;
			productRefGroup = BC9BA8B1242A050100295AF9 /* Products */;
			projectDirPath = "";
			projectRoot = "";
			targets = (
				BC9BA8AF242A050100295AF9 /* CriptoniOS */,
				BC9BA8C3242A050400295AF9 /* CriptoniOSTests */,
				BC9BA8CE242A050400295AF9 /* CriptoniOSUITests */,
			);
		};
/* End PBXProject section */

/* Begin PBXResourcesBuildPhase section */
		BC9BA8AE242A050100295AF9 /* Resources */ = {
			isa = PBXResourcesBuildPhase;
			buildActionMask = 2147483647;
			files = (
				BC9BA8BE242A050400295AF9 /* LaunchScreen.storyboard in Resources */,
				BC8D532B242A4BA400DF8EE5 /* Storyboard.storyboard in Resources */,
				BC9BA8BB242A050400295AF9 /* Assets.xcassets in Resources */,
				BC9BA8B9242A050200295AF9 /* Main.storyboard in Resources */,
			);
			runOnlyForDeploymentPostprocessing = 0;
		};
		BC9BA8C2242A050400295AF9 /* Resources */ = {
			isa = PBXResourcesBuildPhase;
			buildActionMask = 2147483647;
			files = (
			);
			runOnlyForDeploymentPostprocessing = 0;
		};
		BC9BA8CD242A050400295AF9 /* Resources */ = {
			isa = PBXResourcesBuildPhase;
			buildActionMask = 2147483647;
			files = (
			);
			runOnlyForDeploymentPostprocessing = 0;
		};
/* End PBXResourcesBuildPhase section */

/* Begin PBXSourcesBuildPhase section */
		BC9BA8AC242A050100295AF9 /* Sources */ = {
			isa = PBXSourcesBuildPhase;
			buildActionMask = 2147483647;
			files = (
				BC9BA8B6242A050200295AF9 /* ViewController.swift in Sources */,
				BC9BA8B4242A050200295AF9 /* AppDelegate.swift in Sources */,
			);
			runOnlyForDeploymentPostprocessing = 0;
		};
		BC9BA8C0242A050400295AF9 /* Sources */ = {
			isa = PBXSourcesBuildPhase;
			buildActionMask = 2147483647;
			files = (
				BC9BA8C9242A050400295AF9 /* CriptoniOSTests.swift in Sources */,
			);
			runOnlyForDeploymentPostprocessing = 0;
		};
		BC9BA8CB242A050400295AF9 /* Sources */ = {
			isa = PBXSourcesBuildPhase;
			buildActionMask = 2147483647;
			files = (
				BC9BA8D4242A050400295AF9 /* CriptoniOSUITests.swift in Sources */,
			);
			runOnlyForDeploymentPostprocessing = 0;
		};
/* End PBXSourcesBuildPhase section */

/* Begin PBXTargetDependency section */
		BC9BA8C6242A050400295AF9 /* PBXTargetDependency */ = {
			isa = PBXTargetDependency;
			target = BC9BA8AF242A050100295AF9 /* CriptoniOS */;
			targetProxy = BC9BA8C5242A050400295AF9 /* PBXContainerItemProxy */;
		};
		BC9BA8D1242A050400295AF9 /* PBXTargetDependency */ = {
			isa = PBXTargetDependency;
			target = BC9BA8AF242A050100295AF9 /* CriptoniOS */;
			targetProxy = BC9BA8D0242A050400295AF9 /* PBXContainerItemProxy */;
		};
/* End PBXTargetDependency section */

/* Begin PBXVariantGroup section */
		BC9BA8B7242A050200295AF9 /* Main.storyboard */ = {
			isa = PBXVariantGroup;
			children = (
				BC9BA8B8242A050200295AF9 /* Base */,
			);
			name = Main.storyboard;
			sourceTree = "<group>";
		};
		BC9BA8BC242A050400295AF9 /* LaunchScreen.storyboard */ = {
			isa = PBXVariantGroup;
			children = (
				BC9BA8BD242A050400295AF9 /* Base */,
			);
			name = LaunchScreen.storyboard;
			sourceTree = "<group>";
		};
/* End PBXVariantGroup section */

/* Begin XCBuildConfiguration section */
		BC9BA8D6242A050400295AF9 /* Debug */ = {
			isa = XCBuildConfiguration;
			buildSettings = {
				ALWAYS_SEARCH_USER_PATHS = NO;
				CLANG_ANALYZER_NONNULL = YES;
				CLANG_ANALYZER_NUMBER_OBJECT_CONVERSION = YES_AGGRESSIVE;
				CLANG_CXX_LANGUAGE_STANDARD = "gnu++14";
				CLANG_CXX_LIBRARY = "libc++";
				CLANG_ENABLE_MODULES = YES;
				CLANG_ENABLE_OBJC_ARC = YES;
				CLANG_ENABLE_OBJC_WEAK = YES;
				CLANG_WARN_BLOCK_CAPTURE_AUTORELEASING = YES;
				CLANG_WARN_BOOL_CONVERSION = YES;
				CLANG_WARN_COMMA = YES;
				CLANG_WARN_CONSTANT_CONVERSION = YES;
				CLANG_WARN_DEPRECATED_OBJC_IMPLEMENTATIONS = YES;
				CLANG_WARN_DIRECT_OBJC_ISA_USAGE = YES_ERROR;
				CLANG_WARN_DOCUMENTATION_COMMENTS = YES;
				CLANG_WARN_EMPTY_BODY = YES;
				CLANG_WARN_ENUM_CONVERSION = YES;
				CLANG_WARN_INFINITE_RECURSION = YES;
				CLANG_WARN_INT_CONVERSION = YES;
				CLANG_WARN_NON_LITERAL_NULL_CONVERSION = YES;
				CLANG_WARN_OBJC_IMPLICIT_RETAIN_SELF = YES;
				CLANG_WARN_OBJC_LITERAL_CONVERSION = YES;
				CLANG_WARN_OBJC_ROOT_CLASS = YES_ERROR;
				CLANG_WARN_RANGE_LOOP_ANALYSIS = YES;
				CLANG_WARN_STRICT_PROTOTYPES = YES;
				CLANG_WARN_SUSPICIOUS_MOVE = YES;
				CLANG_WARN_UNGUARDED_AVAILABILITY = YES_AGGRESSIVE;
				CLANG_WARN_UNREACHABLE_CODE = YES;
				CLANG_WARN__DUPLICATE_METHOD_MATCH = YES;
				CODE_SIGN_IDENTITY = "iPhone Developer";
				COPY_PHASE_STRIP = NO;
				DEBUG_INFORMATION_FORMAT = dwarf;
				ENABLE_STRICT_OBJC_MSGSEND = YES;
				ENABLE_TESTABILITY = YES;
				GCC_C_LANGUAGE_STANDARD = gnu11;
				GCC_DYNAMIC_NO_PIC = NO;
				GCC_NO_COMMON_BLOCKS = YES;
				GCC_OPTIMIZATION_LEVEL = 0;
				GCC_PREPROCESSOR_DEFINITIONS = (
					"DEBUG=1",
					"$(inherited)",
				);
				GCC_WARN_64_TO_32_BIT_CONVERSION = YES;
				GCC_WARN_ABOUT_RETURN_TYPE = YES_ERROR;
				GCC_WARN_UNDECLARED_SELECTOR = YES;
				GCC_WARN_UNINITIALIZED_AUTOS = YES_AGGRESSIVE;
				GCC_WARN_UNUSED_FUNCTION = YES;
				GCC_WARN_UNUSED_VARIABLE = YES;
				IPHONEOS_DEPLOYMENT_TARGET = 12.0;
				MTL_ENABLE_DEBUG_INFO = INCLUDE_SOURCE;
				MTL_FAST_MATH = YES;
				ONLY_ACTIVE_ARCH = YES;
				SDKROOT = iphoneos;
				SWIFT_ACTIVE_COMPILATION_CONDITIONS = DEBUG;
				SWIFT_OPTIMIZATION_LEVEL = "-Onone";
			};
			name = Debug;
		};
		BC9BA8D7242A050400295AF9 /* Release */ = {
			isa = XCBuildConfiguration;
			buildSettings = {
				ALWAYS_SEARCH_USER_PATHS = NO;
				CLANG_ANALYZER_NONNULL = YES;
				CLANG_ANALYZER_NUMBER_OBJECT_CONVERSION = YES_AGGRESSIVE;
				CLANG_CXX_LANGUAGE_STANDARD = "gnu++14";
				CLANG_CXX_LIBRARY = "libc++";
				CLANG_ENABLE_MODULES = YES;
				CLANG_ENABLE_OBJC_ARC = YES;
				CLANG_ENABLE_OBJC_WEAK = YES;
				CLANG_WARN_BLOCK_CAPTURE_AUTORELEASING = YES;
				CLANG_WARN_BOOL_CONVERSION = YES;
				CLANG_WARN_COMMA = YES;
				CLANG_WARN_CONSTANT_CONVERSION = YES;
				CLANG_WARN_DEPRECATED_OBJC_IMPLEMENTATIONS = YES;
				CLANG_WARN_DIRECT_OBJC_ISA_USAGE = YES_ERROR;
				CLANG_WARN_DOCUMENTATION_COMMENTS = YES;
				CLANG_WARN_EMPTY_BODY = YES;
				CLANG_WARN_ENUM_CONVERSION = YES;
				CLANG_WARN_INFINITE_RECURSION = YES;
				CLANG_WARN_INT_CONVERSION = YES;
				CLANG_WARN_NON_LITERAL_NULL_CONVERSION = YES;
				CLANG_WARN_OBJC_IMPLICIT_RETAIN_SELF = YES;
				CLANG_WARN_OBJC_LITERAL_CONVERSION = YES;
				CLANG_WARN_OBJC_ROOT_CLASS = YES_ERROR;
				CLANG_WARN_RANGE_LOOP_ANALYSIS = YES;
				CLANG_WARN_STRICT_PROTOTYPES = YES;
				CLANG_WARN_SUSPICIOUS_MOVE = YES;
				CLANG_WARN_UNGUARDED_AVAILABILITY = YES_AGGRESSIVE;
				CLANG_WARN_UNREACHABLE_CODE = YES;
				CLANG_WARN__DUPLICATE_METHOD_MATCH = YES;
				CODE_SIGN_IDENTITY = "iPhone Developer";
				COPY_PHASE_STRIP = NO;
				DEBUG_INFORMATION_FORMAT = "dwarf-with-dsym";
				ENABLE_NS_ASSERTIONS = NO;
				ENABLE_STRICT_OBJC_MSGSEND = YES;
				GCC_C_LANGUAGE_STANDARD = gnu11;
				GCC_NO_COMMON_BLOCKS = YES;
				GCC_WARN_64_TO_32_BIT_CONVERSION = YES;
				GCC_WARN_ABOUT_RETURN_TYPE = YES_ERROR;
				GCC_WARN_UNDECLARED_SELECTOR = YES;
				GCC_WARN_UNINITIALIZED_AUTOS = YES_AGGRESSIVE;
				GCC_WARN_UNUSED_FUNCTION = YES;
				GCC_WARN_UNUSED_VARIABLE = YES;
				IPHONEOS_DEPLOYMENT_TARGET = 12.0;
				MTL_ENABLE_DEBUG_INFO = NO;
				MTL_FAST_MATH = YES;
				SDKROOT = iphoneos;
				SWIFT_COMPILATION_MODE = wholemodule;
				SWIFT_OPTIMIZATION_LEVEL = "-O";
				VALIDATE_PRODUCT = YES;
			};
			name = Release;
		};
		BC9BA8D9242A050400295AF9 /* Debug */ = {
			isa = XCBuildConfiguration;
			buildSettings = {
				ASSETCATALOG_COMPILER_APPICON_NAME = AppIcon;
				CODE_SIGN_ALLOW_ENTITLEMENTS_MODIFICATION = Yes;
				CODE_SIGN_ENTITLEMENTS = CriptoniOS/CriptoniOS.entitlements;
				CODE_SIGN_STYLE = Automatic;
				DEVELOPMENT_TEAM = FALSQV7739;
				INFOPLIST_FILE = CriptoniOS/Info.plist;
				IPHONEOS_DEPLOYMENT_TARGET = 10.3;
				LD_RUNPATH_SEARCH_PATHS = (
					"$(inherited)",
					"@executable_path/Frameworks",
				);
				PRODUCT_BUNDLE_IDENTIFIER = com.pvtl.erp.CriptoniOS;
				PRODUCT_NAME = "$(TARGET_NAME)";
				SWIFT_VERSION = 4.2;
				TARGETED_DEVICE_FAMILY = "1,2";
			};
			name = Debug;
		};
		BC9BA8DA242A050400295AF9 /* Release */ = {
			isa = XCBuildConfiguration;
			buildSettings = {
				ASSETCATALOG_COMPILER_APPICON_NAME = AppIcon;
				CODE_SIGN_ALLOW_ENTITLEMENTS_MODIFICATION = Yes;
				CODE_SIGN_ENTITLEMENTS = CriptoniOS/CriptoniOS.entitlements;
				CODE_SIGN_STYLE = Automatic;
				DEVELOPMENT_TEAM = FALSQV7739;
				INFOPLIST_FILE = CriptoniOS/Info.plist;
				IPHONEOS_DEPLOYMENT_TARGET = 10.3;
				LD_RUNPATH_SEARCH_PATHS = (
					"$(inherited)",
					"@executable_path/Frameworks",
				);
				PRODUCT_BUNDLE_IDENTIFIER = com.pvtl.erp.CriptoniOS;
				PRODUCT_NAME = "$(TARGET_NAME)";
				SWIFT_VERSION = 4.2;
				TARGETED_DEVICE_FAMILY = "1,2";
			};
			name = Release;
		};
		BC9BA8DC242A050400295AF9 /* Debug */ = {
			isa = XCBuildConfiguration;
			buildSettings = {
				ALWAYS_EMBED_SWIFT_STANDARD_LIBRARIES = YES;
				BUNDLE_LOADER = "$(TEST_HOST)";
				CODE_SIGN_STYLE = Automatic;
				DEVELOPMENT_TEAM = FALSQV7739;
				INFOPLIST_FILE = CriptoniOSTests/Info.plist;
				LD_RUNPATH_SEARCH_PATHS = (
					"$(inherited)",
					"@executable_path/Frameworks",
					"@loader_path/Frameworks",
				);
				PRODUCT_BUNDLE_IDENTIFIER = com.pvtl.erp.CriptoniOSTests;
				PRODUCT_NAME = "$(TARGET_NAME)";
				SWIFT_VERSION = 4.2;
				TARGETED_DEVICE_FAMILY = "1,2";
				TEST_HOST = "$(BUILT_PRODUCTS_DIR)/CriptoniOS.app/CriptoniOS";
			};
			name = Debug;
		};
		BC9BA8DD242A050400295AF9 /* Release */ = {
			isa = XCBuildConfiguration;
			buildSettings = {
				ALWAYS_EMBED_SWIFT_STANDARD_LIBRARIES = YES;
				BUNDLE_LOADER = "$(TEST_HOST)";
				CODE_SIGN_STYLE = Automatic;
				DEVELOPMENT_TEAM = FALSQV7739;
				INFOPLIST_FILE = CriptoniOSTests/Info.plist;
				LD_RUNPATH_SEARCH_PATHS = (
					"$(inherited)",
					"@executable_path/Frameworks",
					"@loader_path/Frameworks",
				);
				PRODUCT_BUNDLE_IDENTIFIER = com.pvtl.erp.CriptoniOSTests;
				PRODUCT_NAME = "$(TARGET_NAME)";
				SWIFT_VERSION = 4.2;
				TARGETED_DEVICE_FAMILY = "1,2";
				TEST_HOST = "$(BUILT_PRODUCTS_DIR)/CriptoniOS.app/CriptoniOS";
			};
			name = Release;
		};
		BC9BA8DF242A050400295AF9 /* Debug */ = {
			isa = XCBuildConfiguration;
			buildSettings = {
				ALWAYS_EMBED_SWIFT_STANDARD_LIBRARIES = YES;
				CODE_SIGN_STYLE = Automatic;
				DEVELOPMENT_TEAM = FALSQV7739;
				INFOPLIST_FILE = CriptoniOSUITests/Info.plist;
				LD_RUNPATH_SEARCH_PATHS = (
					"$(inherited)",
					"@executable_path/Frameworks",
					"@loader_path/Frameworks",
				);
				PRODUCT_BUNDLE_IDENTIFIER = com.pvtl.erp.CriptoniOSUITests;
				PRODUCT_NAME = "$(TARGET_NAME)";
				SWIFT_VERSION = 4.2;
				TARGETED_DEVICE_FAMILY = "1,2";
				TEST_TARGET_NAME = CriptoniOS;
			};
			name = Debug;
		};
		BC9BA8E0242A050400295AF9 /* Release */ = {
			isa = XCBuildConfiguration;
			buildSettings = {
				ALWAYS_EMBED_SWIFT_STANDARD_LIBRARIES = YES;
				CODE_SIGN_STYLE = Automatic;
				DEVELOPMENT_TEAM = FALSQV7739;
				INFOPLIST_FILE = CriptoniOSUITests/Info.plist;
				LD_RUNPATH_SEARCH_PATHS = (
					"$(inherited)",
					"@executable_path/Frameworks",
					"@loader_path/Frameworks",
				);
				PRODUCT_BUNDLE_IDENTIFIER = com.pvtl.erp.CriptoniOSUITests;
				PRODUCT_NAME = "$(TARGET_NAME)";
				SWIFT_VERSION = 4.2;
				TARGETED_DEVICE_FAMILY = "1,2";
				TEST_TARGET_NAME = CriptoniOS;
			};
			name = Release;
		};
/* End XCBuildConfiguration section */

/* Begin XCConfigurationList section */
		BC9BA8AB242A050100295AF9 /* Build configuration list for PBXProject "CriptoniOS" */ = {
			isa = XCConfigurationList;
			buildConfigurations = (
				BC9BA8D6242A050400295AF9 /* Debug */,
				BC9BA8D7242A050400295AF9 /* Release */,
			);
			defaultConfigurationIsVisible = 0;
			defaultConfigurationName = Release;
		};
		BC9BA8D8242A050400295AF9 /* Build configuration list for PBXNativeTarget "CriptoniOS" */ = {
			isa = XCConfigurationList;
			buildConfigurations = (
				BC9BA8D9242A050400295AF9 /* Debug */,
				BC9BA8DA242A050400295AF9 /* Release */,
			);
			defaultConfigurationIsVisible = 0;
			defaultConfigurationName = Release;
		};
		BC9BA8DB242A050400295AF9 /* Build configuration list for PBXNativeTarget "CriptoniOSTests" */ = {
			isa = XCConfigurationList;
			buildConfigurations = (
				BC9BA8DC242A050400295AF9 /* Debug */,
				BC9BA8DD242A050400295AF9 /* Release */,
			);
			defaultConfigurationIsVisible = 0;
			defaultConfigurationName = Release;
		};
		BC9BA8DE242A050400295AF9 /* Build configuration list for PBXNativeTarget "CriptoniOSUITests" */ = {
			isa = XCConfigurationList;
			buildConfigurations = (
				BC9BA8DF242A050400295AF9 /* Debug */,
				BC9BA8E0242A050400295AF9 /* Release */,
			);
			defaultConfigurationIsVisible = 0;
			defaultConfigurationName = Release;
		};
/* End XCConfigurationList section */
	};
	rootObject = BC9BA8A8242A050100295AF9 /* Project object */;
}
